// !$*UTF8*$!
{
	archiveVersion = 1;
	classes = {
	};
	objectVersion = 55;
	objects = {

/* Begin PBXBuildFile section */
		8B0CDC29287F72820042EA5B /* BaseViewController.swift in Sources */ = {isa = PBXBuildFile; fileRef = 8B0CDC28287F72820042EA5B /* BaseViewController.swift */; };
		8B0CDC2B287F7BE60042EA5B /* ArtistModel.swift in Sources */ = {isa = PBXBuildFile; fileRef = 8B0CDC2A287F7BE60042EA5B /* ArtistModel.swift */; };
		8B0CDC2E287F7DB00042EA5B /* ArtistOutput.swift in Sources */ = {isa = PBXBuildFile; fileRef = 8B0CDC2D287F7DB00042EA5B /* ArtistOutput.swift */; };
		8B0CDC30287F7F2E0042EA5B /* ArtistsViewModel.swift in Sources */ = {isa = PBXBuildFile; fileRef = 8B0CDC2F287F7F2E0042EA5B /* ArtistsViewModel.swift */; };
		8B207C0F287CE6CD00689077 /* NetworkManager.swift in Sources */ = {isa = PBXBuildFile; fileRef = 8B207C0E287CE6CD00689077 /* NetworkManager.swift */; };
		8B207C12287CE75400689077 /* GenreOutput.swift in Sources */ = {isa = PBXBuildFile; fileRef = 8B207C11287CE75400689077 /* GenreOutput.swift */; };
		8B207C15287CE7F600689077 /* BaseModel.swift in Sources */ = {isa = PBXBuildFile; fileRef = 8B207C14287CE7F600689077 /* BaseModel.swift */; };
		8B207C17287CE81900689077 /* GenreModel.swift in Sources */ = {isa = PBXBuildFile; fileRef = 8B207C16287CE81900689077 /* GenreModel.swift */; };
		8B207C1A287CE93B00689077 /* GenresViewModel.swift in Sources */ = {isa = PBXBuildFile; fileRef = 8B207C19287CE93B00689077 /* GenresViewModel.swift */; };
		8B207C1E287CEBB600689077 /* DataPickerViewController.swift in Sources */ = {isa = PBXBuildFile; fileRef = 8B207C1D287CEBB600689077 /* DataPickerViewController.swift */; };
		8BA2D4E828CD0C00007156EB /* AppColors.xcassets in Resources */ = {isa = PBXBuildFile; fileRef = 8BA2D4E728CD0C00007156EB /* AppColors.xcassets */; };
		8BAD0B5128A86EFD00F7B8BA /* TabBarViewController.swift in Sources */ = {isa = PBXBuildFile; fileRef = 8BAD0B5028A86EFD00F7B8BA /* TabBarViewController.swift */; };
		8BAD0B5328A8717B00F7B8BA /* ManageGenresViewController.swift in Sources */ = {isa = PBXBuildFile; fileRef = 8BAD0B5228A8717B00F7B8BA /* ManageGenresViewController.swift */; };
		8BB8DF49287F310900435D58 /* DataPickerView.swift in Sources */ = {isa = PBXBuildFile; fileRef = 8BB8DF48287F310900435D58 /* DataPickerView.swift */; };
		8BBFA1A128F1E2B000F18E51 /* ConcertHistoryViewController.swift in Sources */ = {isa = PBXBuildFile; fileRef = 8BBFA1A028F1E2B000F18E51 /* ConcertHistoryViewController.swift */; };
		8BBFA1A428F1E30F00F18E51 /* BaseViewModel.swift in Sources */ = {isa = PBXBuildFile; fileRef = 8BBFA1A328F1E30F00F18E51 /* BaseViewModel.swift */; };
		8BBFA1A628F1E46900F18E51 /* ConcertViewModel.swift in Sources */ = {isa = PBXBuildFile; fileRef = 8BBFA1A528F1E46900F18E51 /* ConcertViewModel.swift */; };
		8BBFA1A828F1E4D600F18E51 /* ConcertModel.swift in Sources */ = {isa = PBXBuildFile; fileRef = 8BBFA1A728F1E4D600F18E51 /* ConcertModel.swift */; };
		8BBFA1AB28F1E55900F18E51 /* ConcertOutput.swift in Sources */ = {isa = PBXBuildFile; fileRef = 8BBFA1AA28F1E55900F18E51 /* ConcertOutput.swift */; };
		8BBFA1AD28F1EC3F00F18E51 /* SettingsViewController.swift in Sources */ = {isa = PBXBuildFile; fileRef = 8BBFA1AC28F1EC3F00F18E51 /* SettingsViewController.swift */; };
		8BBFA1B128F2119E00F18E51 /* MenuItems.swift in Sources */ = {isa = PBXBuildFile; fileRef = 8BBFA1B028F2119E00F18E51 /* MenuItems.swift */; };
		8BBFA1B328F2185600F18E51 /* readme.md in Resources */ = {isa = PBXBuildFile; fileRef = 8BBFA1B228F2185600F18E51 /* readme.md */; };
		8BBFA1B528F2309900F18E51 /* GenreInput.swift in Sources */ = {isa = PBXBuildFile; fileRef = 8BBFA1B428F2309900F18E51 /* GenreInput.swift */; };
		8BBFA1B728F233CD00F18E51 /* JSON.swift in Sources */ = {isa = PBXBuildFile; fileRef = 8BBFA1B628F233CD00F18E51 /* JSON.swift */; };
		8BBFA1BF28F36F6700F18E51 /* AddArtistViewController.swift in Sources */ = {isa = PBXBuildFile; fileRef = 8BBFA1BE28F36F6700F18E51 /* AddArtistViewController.swift */; };
		8BBFA1C128F4CEBE00F18E51 /* ArtistInput.swift in Sources */ = {isa = PBXBuildFile; fileRef = 8BBFA1C028F4CEBE00F18E51 /* ArtistInput.swift */; };
		8BBFA1C328F8B42900F18E51 /* ButtonExtension.swift in Sources */ = {isa = PBXBuildFile; fileRef = 8BBFA1C228F8B42900F18E51 /* ButtonExtension.swift */; };
		8BBFA1C628F8B58700F18E51 /* TextField.swift in Sources */ = {isa = PBXBuildFile; fileRef = 8BBFA1C528F8B58700F18E51 /* TextField.swift */; };
		8BBFA1C828F8CB7600F18E51 /* AddConcertViewController.swift in Sources */ = {isa = PBXBuildFile; fileRef = 8BBFA1C728F8CB7600F18E51 /* AddConcertViewController.swift */; };
		8BBFA1CA28FB05B000F18E51 /* DatePicker.swift in Sources */ = {isa = PBXBuildFile; fileRef = 8BBFA1C928FB05B000F18E51 /* DatePicker.swift */; };
		8BBFA1CC28FB7A5D00F18E51 /* Date.swift in Sources */ = {isa = PBXBuildFile; fileRef = 8BBFA1CB28FB7A5D00F18E51 /* Date.swift */; };
		8BBFA1D028FB82B800F18E51 /* VenueModel.swift in Sources */ = {isa = PBXBuildFile; fileRef = 8BBFA1CF28FB82B800F18E51 /* VenueModel.swift */; };
		8BBFA1D228FB82C000F18E51 /* VenueOutput.swift in Sources */ = {isa = PBXBuildFile; fileRef = 8BBFA1D128FB82C000F18E51 /* VenueOutput.swift */; };
		8BBFA1D428FB83A500F18E51 /* VenueViewModel.swift in Sources */ = {isa = PBXBuildFile; fileRef = 8BBFA1D328FB83A500F18E51 /* VenueViewModel.swift */; };
		8BBFA1D628FC2F3A00F18E51 /* ConcertInput.swift in Sources */ = {isa = PBXBuildFile; fileRef = 8BBFA1D528FC2F3A00F18E51 /* ConcertInput.swift */; };
		8BBFA1D828FC325A00F18E51 /* DataPickerOption.swift in Sources */ = {isa = PBXBuildFile; fileRef = 8BBFA1D728FC325A00F18E51 /* DataPickerOption.swift */; };
		8BC7E309287CE5B2008CE4A8 /* AppDelegate.swift in Sources */ = {isa = PBXBuildFile; fileRef = 8BC7E308287CE5B2008CE4A8 /* AppDelegate.swift */; };
		8BC7E30B287CE5B2008CE4A8 /* SceneDelegate.swift in Sources */ = {isa = PBXBuildFile; fileRef = 8BC7E30A287CE5B2008CE4A8 /* SceneDelegate.swift */; };
		8BC7E30D287CE5B2008CE4A8 /* ManageArtistsViewController.swift in Sources */ = {isa = PBXBuildFile; fileRef = 8BC7E30C287CE5B2008CE4A8 /* ManageArtistsViewController.swift */; };
		8BC7E310287CE5B2008CE4A8 /* Main.storyboard in Resources */ = {isa = PBXBuildFile; fileRef = 8BC7E30E287CE5B2008CE4A8 /* Main.storyboard */; };
		8BC7E312287CE5B5008CE4A8 /* Assets.xcassets in Resources */ = {isa = PBXBuildFile; fileRef = 8BC7E311287CE5B5008CE4A8 /* Assets.xcassets */; };
		8BC7E315287CE5B5008CE4A8 /* LaunchScreen.storyboard in Resources */ = {isa = PBXBuildFile; fileRef = 8BC7E313287CE5B5008CE4A8 /* LaunchScreen.storyboard */; };
/* End PBXBuildFile section */

/* Begin PBXFileReference section */
		8B0CDC28287F72820042EA5B /* BaseViewController.swift */ = {isa = PBXFileReference; lastKnownFileType = sourcecode.swift; path = BaseViewController.swift; sourceTree = "<group>"; };
		8B0CDC2A287F7BE60042EA5B /* ArtistModel.swift */ = {isa = PBXFileReference; lastKnownFileType = sourcecode.swift; path = ArtistModel.swift; sourceTree = "<group>"; };
		8B0CDC2D287F7DB00042EA5B /* ArtistOutput.swift */ = {isa = PBXFileReference; lastKnownFileType = sourcecode.swift; path = ArtistOutput.swift; sourceTree = "<group>"; };
		8B0CDC2F287F7F2E0042EA5B /* ArtistsViewModel.swift */ = {isa = PBXFileReference; lastKnownFileType = sourcecode.swift; path = ArtistsViewModel.swift; sourceTree = "<group>"; };
		8B207C0E287CE6CD00689077 /* NetworkManager.swift */ = {isa = PBXFileReference; lastKnownFileType = sourcecode.swift; path = NetworkManager.swift; sourceTree = "<group>"; };
		8B207C11287CE75400689077 /* GenreOutput.swift */ = {isa = PBXFileReference; lastKnownFileType = sourcecode.swift; path = GenreOutput.swift; sourceTree = "<group>"; };
		8B207C14287CE7F600689077 /* BaseModel.swift */ = {isa = PBXFileReference; lastKnownFileType = sourcecode.swift; path = BaseModel.swift; sourceTree = "<group>"; };
		8B207C16287CE81900689077 /* GenreModel.swift */ = {isa = PBXFileReference; lastKnownFileType = sourcecode.swift; path = GenreModel.swift; sourceTree = "<group>"; };
		8B207C19287CE93B00689077 /* GenresViewModel.swift */ = {isa = PBXFileReference; lastKnownFileType = sourcecode.swift; path = GenresViewModel.swift; sourceTree = "<group>"; };
		8B207C1D287CEBB600689077 /* DataPickerViewController.swift */ = {isa = PBXFileReference; lastKnownFileType = sourcecode.swift; path = DataPickerViewController.swift; sourceTree = "<group>"; };
		8BA2D4E728CD0C00007156EB /* AppColors.xcassets */ = {isa = PBXFileReference; lastKnownFileType = folder.assetcatalog; path = AppColors.xcassets; sourceTree = "<group>"; };
		8BAD0B5028A86EFD00F7B8BA /* TabBarViewController.swift */ = {isa = PBXFileReference; lastKnownFileType = sourcecode.swift; path = TabBarViewController.swift; sourceTree = "<group>"; };
		8BAD0B5228A8717B00F7B8BA /* ManageGenresViewController.swift */ = {isa = PBXFileReference; lastKnownFileType = sourcecode.swift; path = ManageGenresViewController.swift; sourceTree = "<group>"; };
		8BB8DF48287F310900435D58 /* DataPickerView.swift */ = {isa = PBXFileReference; lastKnownFileType = sourcecode.swift; path = DataPickerView.swift; sourceTree = "<group>"; };
		8BBFA1A028F1E2B000F18E51 /* ConcertHistoryViewController.swift */ = {isa = PBXFileReference; lastKnownFileType = sourcecode.swift; path = ConcertHistoryViewController.swift; sourceTree = "<group>"; };
		8BBFA1A328F1E30F00F18E51 /* BaseViewModel.swift */ = {isa = PBXFileReference; lastKnownFileType = sourcecode.swift; path = BaseViewModel.swift; sourceTree = "<group>"; };
		8BBFA1A528F1E46900F18E51 /* ConcertViewModel.swift */ = {isa = PBXFileReference; lastKnownFileType = sourcecode.swift; path = ConcertViewModel.swift; sourceTree = "<group>"; };
		8BBFA1A728F1E4D600F18E51 /* ConcertModel.swift */ = {isa = PBXFileReference; lastKnownFileType = sourcecode.swift; path = ConcertModel.swift; sourceTree = "<group>"; };
		8BBFA1AA28F1E55900F18E51 /* ConcertOutput.swift */ = {isa = PBXFileReference; lastKnownFileType = sourcecode.swift; path = ConcertOutput.swift; sourceTree = "<group>"; };
		8BBFA1AC28F1EC3F00F18E51 /* SettingsViewController.swift */ = {isa = PBXFileReference; lastKnownFileType = sourcecode.swift; path = SettingsViewController.swift; sourceTree = "<group>"; };
		8BBFA1B028F2119E00F18E51 /* MenuItems.swift */ = {isa = PBXFileReference; lastKnownFileType = sourcecode.swift; path = MenuItems.swift; sourceTree = "<group>"; };
		8BBFA1B228F2185600F18E51 /* readme.md */ = {isa = PBXFileReference; fileEncoding = 4; lastKnownFileType = net.daringfireball.markdown; path = readme.md; sourceTree = SOURCE_ROOT; };
		8BBFA1B428F2309900F18E51 /* GenreInput.swift */ = {isa = PBXFileReference; lastKnownFileType = sourcecode.swift; path = GenreInput.swift; sourceTree = "<group>"; };
		8BBFA1B628F233CD00F18E51 /* JSON.swift */ = {isa = PBXFileReference; lastKnownFileType = sourcecode.swift; path = JSON.swift; sourceTree = "<group>"; };
		8BBFA1BC28F237FE00F18E51 /* Production.xcconfig */ = {isa = PBXFileReference; lastKnownFileType = text.xcconfig; path = Production.xcconfig; sourceTree = "<group>"; };
		8BBFA1BD28F2380900F18E51 /* Development.xcconfig */ = {isa = PBXFileReference; lastKnownFileType = text.xcconfig; path = Development.xcconfig; sourceTree = "<group>"; };
		8BBFA1BE28F36F6700F18E51 /* AddArtistViewController.swift */ = {isa = PBXFileReference; lastKnownFileType = sourcecode.swift; path = AddArtistViewController.swift; sourceTree = "<group>"; };
		8BBFA1C028F4CEBE00F18E51 /* ArtistInput.swift */ = {isa = PBXFileReference; lastKnownFileType = sourcecode.swift; path = ArtistInput.swift; sourceTree = "<group>"; };
		8BBFA1C228F8B42900F18E51 /* ButtonExtension.swift */ = {isa = PBXFileReference; lastKnownFileType = sourcecode.swift; path = ButtonExtension.swift; sourceTree = "<group>"; };
		8BBFA1C528F8B58700F18E51 /* TextField.swift */ = {isa = PBXFileReference; lastKnownFileType = sourcecode.swift; path = TextField.swift; sourceTree = "<group>"; };
		8BBFA1C728F8CB7600F18E51 /* AddConcertViewController.swift */ = {isa = PBXFileReference; lastKnownFileType = sourcecode.swift; path = AddConcertViewController.swift; sourceTree = "<group>"; };
		8BBFA1C928FB05B000F18E51 /* DatePicker.swift */ = {isa = PBXFileReference; lastKnownFileType = sourcecode.swift; path = DatePicker.swift; sourceTree = "<group>"; };
		8BBFA1CB28FB7A5D00F18E51 /* Date.swift */ = {isa = PBXFileReference; lastKnownFileType = sourcecode.swift; path = Date.swift; sourceTree = "<group>"; };
		8BBFA1CF28FB82B800F18E51 /* VenueModel.swift */ = {isa = PBXFileReference; lastKnownFileType = sourcecode.swift; path = VenueModel.swift; sourceTree = "<group>"; };
		8BBFA1D128FB82C000F18E51 /* VenueOutput.swift */ = {isa = PBXFileReference; lastKnownFileType = sourcecode.swift; path = VenueOutput.swift; sourceTree = "<group>"; };
		8BBFA1D328FB83A500F18E51 /* VenueViewModel.swift */ = {isa = PBXFileReference; lastKnownFileType = sourcecode.swift; path = VenueViewModel.swift; sourceTree = "<group>"; };
		8BBFA1D528FC2F3A00F18E51 /* ConcertInput.swift */ = {isa = PBXFileReference; lastKnownFileType = sourcecode.swift; path = ConcertInput.swift; sourceTree = "<group>"; };
		8BBFA1D728FC325A00F18E51 /* DataPickerOption.swift */ = {isa = PBXFileReference; lastKnownFileType = sourcecode.swift; path = DataPickerOption.swift; sourceTree = "<group>"; };
		8BC7E305287CE5B2008CE4A8 /* ShowTime.app */ = {isa = PBXFileReference; explicitFileType = wrapper.application; includeInIndex = 0; path = ShowTime.app; sourceTree = BUILT_PRODUCTS_DIR; };
		8BC7E308287CE5B2008CE4A8 /* AppDelegate.swift */ = {isa = PBXFileReference; lastKnownFileType = sourcecode.swift; path = AppDelegate.swift; sourceTree = "<group>"; };
		8BC7E30A287CE5B2008CE4A8 /* SceneDelegate.swift */ = {isa = PBXFileReference; lastKnownFileType = sourcecode.swift; path = SceneDelegate.swift; sourceTree = "<group>"; };
		8BC7E30C287CE5B2008CE4A8 /* ManageArtistsViewController.swift */ = {isa = PBXFileReference; lastKnownFileType = sourcecode.swift; path = ManageArtistsViewController.swift; sourceTree = "<group>"; };
		8BC7E30F287CE5B2008CE4A8 /* Base */ = {isa = PBXFileReference; lastKnownFileType = file.storyboard; name = Base; path = Base.lproj/Main.storyboard; sourceTree = "<group>"; };
		8BC7E311287CE5B5008CE4A8 /* Assets.xcassets */ = {isa = PBXFileReference; lastKnownFileType = folder.assetcatalog; path = Assets.xcassets; sourceTree = "<group>"; };
		8BC7E314287CE5B5008CE4A8 /* Base */ = {isa = PBXFileReference; lastKnownFileType = file.storyboard; name = Base; path = Base.lproj/LaunchScreen.storyboard; sourceTree = "<group>"; };
		8BC7E316287CE5B5008CE4A8 /* Info.plist */ = {isa = PBXFileReference; lastKnownFileType = text.plist.xml; path = Info.plist; sourceTree = "<group>"; };
/* End PBXFileReference section */

/* Begin PBXFrameworksBuildPhase section */
		8BC7E302287CE5B2008CE4A8 /* Frameworks */ = {
			isa = PBXFrameworksBuildPhase;
			buildActionMask = 2147483647;
			files = (
			);
			runOnlyForDeploymentPostprocessing = 0;
		};
/* End PBXFrameworksBuildPhase section */

/* Begin PBXGroup section */
		8B0CDC2C287F7BEA0042EA5B /* Artists */ = {
			isa = PBXGroup;
			children = (
				8B0CDC2A287F7BE60042EA5B /* ArtistModel.swift */,
				8B0CDC2D287F7DB00042EA5B /* ArtistOutput.swift */,
				8BBFA1C028F4CEBE00F18E51 /* ArtistInput.swift */,
			);
			path = Artists;
			sourceTree = "<group>";
		};
		8B207C09287CE5F000689077 /* ViewControllers */ = {
			isa = PBXGroup;
			children = (
				8BC7E30C287CE5B2008CE4A8 /* ManageArtistsViewController.swift */,
				8BAD0B5228A8717B00F7B8BA /* ManageGenresViewController.swift */,
				8BBFA1A028F1E2B000F18E51 /* ConcertHistoryViewController.swift */,
				8BBFA1AC28F1EC3F00F18E51 /* SettingsViewController.swift */,
				8BBFA1BE28F36F6700F18E51 /* AddArtistViewController.swift */,
				8BBFA1C728F8CB7600F18E51 /* AddConcertViewController.swift */,
			);
			path = ViewControllers;
			sourceTree = "<group>";
		};
		8B207C0A287CE5FB00689077 /* Models */ = {
			isa = PBXGroup;
			children = (
				8BBFA1CD28FB829900F18E51 /* Venues */,
				8BBFA1A928F1E4E300F18E51 /* Concert */,
				8B207C10287CE74400689077 /* Genres */,
				8B0CDC2C287F7BEA0042EA5B /* Artists */,
			);
			path = Models;
			sourceTree = "<group>";
		};
		8B207C0B287CE62400689077 /* Business */ = {
			isa = PBXGroup;
			children = (
				8B207C0A287CE5FB00689077 /* Models */,
				8BC7E31C287CE5D0008CE4A8 /* ViewModels */,
			);
			path = Business;
			sourceTree = "<group>";
		};
		8B207C0C287CE63600689077 /* Storyboards */ = {
			isa = PBXGroup;
			children = (
				8BC7E30E287CE5B2008CE4A8 /* Main.storyboard */,
				8BC7E313287CE5B5008CE4A8 /* LaunchScreen.storyboard */,
			);
			path = Storyboards;
			sourceTree = "<group>";
		};
		8B207C0D287CE67100689077 /* Utils */ = {
			isa = PBXGroup;
			children = (
				8B207C0E287CE6CD00689077 /* NetworkManager.swift */,
			);
			path = Utils;
			sourceTree = "<group>";
		};
		8B207C10287CE74400689077 /* Genres */ = {
			isa = PBXGroup;
			children = (
				8B207C11287CE75400689077 /* GenreOutput.swift */,
				8B207C16287CE81900689077 /* GenreModel.swift */,
				8BBFA1B428F2309900F18E51 /* GenreInput.swift */,
			);
			path = Genres;
			sourceTree = "<group>";
		};
		8B207C13287CE7E600689077 /* Generics */ = {
			isa = PBXGroup;
			children = (
				8B207C14287CE7F600689077 /* BaseModel.swift */,
				8B0CDC28287F72820042EA5B /* BaseViewController.swift */,
				8BBFA1A328F1E30F00F18E51 /* BaseViewModel.swift */,
			);
			path = Generics;
			sourceTree = "<group>";
		};
		8B207C18287CE92800689077 /* Genres */ = {
			isa = PBXGroup;
			children = (
				8B207C19287CE93B00689077 /* GenresViewModel.swift */,
			);
			path = Genres;
			sourceTree = "<group>";
		};
		8B207C1B287CEB8900689077 /* CoreUI */ = {
			isa = PBXGroup;
			children = (
				8B9CD63028A869A500F5F6E5 /* DatePicker */,
				8B9CD62F28A8698400F5F6E5 /* TextField */,
				8B207C1C287CEB9500689077 /* DataPicker */,
			);
			path = CoreUI;
			sourceTree = "<group>";
		};
		8B207C1C287CEB9500689077 /* DataPicker */ = {
			isa = PBXGroup;
			children = (
				8B207C1D287CEBB600689077 /* DataPickerViewController.swift */,
				8BB8DF48287F310900435D58 /* DataPickerView.swift */,
				8BBFA1D728FC325A00F18E51 /* DataPickerOption.swift */,
			);
			path = DataPicker;
			sourceTree = "<group>";
		};
		8B9CD62F28A8698400F5F6E5 /* TextField */ = {
			isa = PBXGroup;
			children = (
				8BBFA1C528F8B58700F18E51 /* TextField.swift */,
			);
			path = TextField;
			sourceTree = "<group>";
		};
		8B9CD63028A869A500F5F6E5 /* DatePicker */ = {
			isa = PBXGroup;
			children = (
				8BBFA1C928FB05B000F18E51 /* DatePicker.swift */,
			);
			path = DatePicker;
			sourceTree = "<group>";
		};
		8BBFA1A228F1E2DA00F18E51 /* Concerts */ = {
			isa = PBXGroup;
			children = (
				8BBFA1A528F1E46900F18E51 /* ConcertViewModel.swift */,
			);
			path = Concerts;
			sourceTree = "<group>";
		};
		8BBFA1A928F1E4E300F18E51 /* Concert */ = {
			isa = PBXGroup;
			children = (
				8BBFA1A728F1E4D600F18E51 /* ConcertModel.swift */,
				8BBFA1AA28F1E55900F18E51 /* ConcertOutput.swift */,
				8BBFA1D528FC2F3A00F18E51 /* ConcertInput.swift */,
			);
			path = Concert;
			sourceTree = "<group>";
		};
		8BBFA1AF28F2118A00F18E51 /* MenuManager */ = {
			isa = PBXGroup;
			children = (
				8BBFA1B028F2119E00F18E51 /* MenuItems.swift */,
			);
			path = MenuManager;
			sourceTree = "<group>";
		};
		8BBFA1B828F237AE00F18E51 /* Extensions */ = {
			isa = PBXGroup;
			children = (
				8BBFA1B628F233CD00F18E51 /* JSON.swift */,
				8BBFA1C228F8B42900F18E51 /* ButtonExtension.swift */,
				8BBFA1CB28FB7A5D00F18E51 /* Date.swift */,
			);
			path = Extensions;
			sourceTree = "<group>";
		};
		8BBFA1B928F237BB00F18E51 /* Resources */ = {
			isa = PBXGroup;
			children = (
				8BC7E311287CE5B5008CE4A8 /* Assets.xcassets */,
				8BA2D4E728CD0C00007156EB /* AppColors.xcassets */,
			);
			path = Resources;
			sourceTree = "<group>";
		};
		8BBFA1BA28F237DF00F18E51 /* Configs */ = {
			isa = PBXGroup;
			children = (
				8BBFA1BC28F237FE00F18E51 /* Production.xcconfig */,
				8BBFA1BD28F2380900F18E51 /* Development.xcconfig */,
			);
			path = Configs;
			sourceTree = "<group>";
		};
		8BBFA1CD28FB829900F18E51 /* Venues */ = {
			isa = PBXGroup;
			children = (
				8BBFA1CF28FB82B800F18E51 /* VenueModel.swift */,
				8BBFA1D128FB82C000F18E51 /* VenueOutput.swift */,
			);
			path = Venues;
			sourceTree = "<group>";
		};
		8BBFA1CE28FB82A900F18E51 /* Venues */ = {
			isa = PBXGroup;
			children = (
				8BBFA1D328FB83A500F18E51 /* VenueViewModel.swift */,
			);
			path = Venues;
			sourceTree = "<group>";
		};
		8BC7E2FC287CE5B2008CE4A8 = {
			isa = PBXGroup;
			children = (
				8BC7E307287CE5B2008CE4A8 /* ShowTime */,
				8BC7E306287CE5B2008CE4A8 /* Products */,
			);
			sourceTree = "<group>";
		};
		8BC7E306287CE5B2008CE4A8 /* Products */ = {
			isa = PBXGroup;
			children = (
				8BC7E305287CE5B2008CE4A8 /* ShowTime.app */,
			);
			name = Products;
			sourceTree = "<group>";
		};
		8BC7E307287CE5B2008CE4A8 /* ShowTime */ = {
			isa = PBXGroup;
			children = (
				8BBFA1BA28F237DF00F18E51 /* Configs */,
				8BBFA1B928F237BB00F18E51 /* Resources */,
				8BBFA1B828F237AE00F18E51 /* Extensions */,
				8BBFA1AF28F2118A00F18E51 /* MenuManager */,
				8B207C0B287CE62400689077 /* Business */,
				8B207C09287CE5F000689077 /* ViewControllers */,
				8B207C0C287CE63600689077 /* Storyboards */,
				8B207C1B287CEB8900689077 /* CoreUI */,
				8B207C13287CE7E600689077 /* Generics */,
				8B207C0D287CE67100689077 /* Utils */,
				8BC7E308287CE5B2008CE4A8 /* AppDelegate.swift */,
				8BC7E30A287CE5B2008CE4A8 /* SceneDelegate.swift */,
				8BC7E316287CE5B5008CE4A8 /* Info.plist */,
				8BAD0B5028A86EFD00F7B8BA /* TabBarViewController.swift */,
				8BBFA1B228F2185600F18E51 /* readme.md */,
			);
			path = ShowTime;
			sourceTree = "<group>";
		};
		8BC7E31C287CE5D0008CE4A8 /* ViewModels */ = {
			isa = PBXGroup;
			children = (
				8BBFA1CE28FB82A900F18E51 /* Venues */,
				8BBFA1A228F1E2DA00F18E51 /* Concerts */,
				8B207C18287CE92800689077 /* Genres */,
				8B0CDC2F287F7F2E0042EA5B /* ArtistsViewModel.swift */,
			);
			path = ViewModels;
			sourceTree = "<group>";
		};
/* End PBXGroup section */

/* Begin PBXNativeTarget section */
		8BC7E304287CE5B2008CE4A8 /* ShowTime */ = {
			isa = PBXNativeTarget;
			buildConfigurationList = 8BC7E319287CE5B5008CE4A8 /* Build configuration list for PBXNativeTarget "ShowTime" */;
			buildPhases = (
				8BC7E301287CE5B2008CE4A8 /* Sources */,
				8BC7E302287CE5B2008CE4A8 /* Frameworks */,
				8BC7E303287CE5B2008CE4A8 /* Resources */,
			);
			buildRules = (
			);
			dependencies = (
			);
			name = ShowTime;
			productName = ShowTime;
			productReference = 8BC7E305287CE5B2008CE4A8 /* ShowTime.app */;
			productType = "com.apple.product-type.application";
		};
/* End PBXNativeTarget section */

/* Begin PBXProject section */
		8BC7E2FD287CE5B2008CE4A8 /* Project object */ = {
			isa = PBXProject;
			attributes = {
				BuildIndependentTargetsInParallel = 1;
				LastSwiftUpdateCheck = 1340;
				LastUpgradeCheck = 1340;
				TargetAttributes = {
					8BC7E304287CE5B2008CE4A8 = {
						CreatedOnToolsVersion = 13.4.1;
					};
				};
			};
			buildConfigurationList = 8BC7E300287CE5B2008CE4A8 /* Build configuration list for PBXProject "ShowTime" */;
			compatibilityVersion = "Xcode 13.0";
			developmentRegion = en;
			hasScannedForEncodings = 0;
			knownRegions = (
				en,
				Base,
			);
			mainGroup = 8BC7E2FC287CE5B2008CE4A8;
			productRefGroup = 8BC7E306287CE5B2008CE4A8 /* Products */;
			projectDirPath = "";
			projectRoot = "";
			targets = (
				8BC7E304287CE5B2008CE4A8 /* ShowTime */,
			);
		};
/* End PBXProject section */

/* Begin PBXResourcesBuildPhase section */
		8BC7E303287CE5B2008CE4A8 /* Resources */ = {
			isa = PBXResourcesBuildPhase;
			buildActionMask = 2147483647;
			files = (
				8BC7E315287CE5B5008CE4A8 /* LaunchScreen.storyboard in Resources */,
				8BA2D4E828CD0C00007156EB /* AppColors.xcassets in Resources */,
				8BC7E312287CE5B5008CE4A8 /* Assets.xcassets in Resources */,
				8BBFA1B328F2185600F18E51 /* readme.md in Resources */,
				8BC7E310287CE5B2008CE4A8 /* Main.storyboard in Resources */,
			);
			runOnlyForDeploymentPostprocessing = 0;
		};
/* End PBXResourcesBuildPhase section */

/* Begin PBXSourcesBuildPhase section */
		8BC7E301287CE5B2008CE4A8 /* Sources */ = {
			isa = PBXSourcesBuildPhase;
			buildActionMask = 2147483647;
			files = (
				8B207C1A287CE93B00689077 /* GenresViewModel.swift in Sources */,
				8B207C15287CE7F600689077 /* BaseModel.swift in Sources */,
				8B0CDC29287F72820042EA5B /* BaseViewController.swift in Sources */,
				8BBFA1CC28FB7A5D00F18E51 /* Date.swift in Sources */,
				8B207C17287CE81900689077 /* GenreModel.swift in Sources */,
				8BBFA1D828FC325A00F18E51 /* DataPickerOption.swift in Sources */,
				8BBFA1B528F2309900F18E51 /* GenreInput.swift in Sources */,
				8BBFA1A828F1E4D600F18E51 /* ConcertModel.swift in Sources */,
				8BBFA1B728F233CD00F18E51 /* JSON.swift in Sources */,
				8BBFA1A128F1E2B000F18E51 /* ConcertHistoryViewController.swift in Sources */,
				8BBFA1D028FB82B800F18E51 /* VenueModel.swift in Sources */,
				8BBFA1A428F1E30F00F18E51 /* BaseViewModel.swift in Sources */,
				8BBFA1D428FB83A500F18E51 /* VenueViewModel.swift in Sources */,
				8BBFA1B128F2119E00F18E51 /* MenuItems.swift in Sources */,
				8B0CDC2B287F7BE60042EA5B /* ArtistModel.swift in Sources */,
				8B207C12287CE75400689077 /* GenreOutput.swift in Sources */,
				8BBFA1AB28F1E55900F18E51 /* ConcertOutput.swift in Sources */,
				8BB8DF49287F310900435D58 /* DataPickerView.swift in Sources */,
				8B207C0F287CE6CD00689077 /* NetworkManager.swift in Sources */,
				8BAD0B5328A8717B00F7B8BA /* ManageGenresViewController.swift in Sources */,
				8BBFA1C128F4CEBE00F18E51 /* ArtistInput.swift in Sources */,
				8BBFA1AD28F1EC3F00F18E51 /* SettingsViewController.swift in Sources */,
				8B0CDC2E287F7DB00042EA5B /* ArtistOutput.swift in Sources */,
				8BC7E30D287CE5B2008CE4A8 /* ManageArtistsViewController.swift in Sources */,
				8BBFA1BF28F36F6700F18E51 /* AddArtistViewController.swift in Sources */,
				8BBFA1C328F8B42900F18E51 /* ButtonExtension.swift in Sources */,
				8BBFA1C628F8B58700F18E51 /* TextField.swift in Sources */,
				8BBFA1C828F8CB7600F18E51 /* AddConcertViewController.swift in Sources */,
				8BC7E309287CE5B2008CE4A8 /* AppDelegate.swift in Sources */,
				8BC7E30B287CE5B2008CE4A8 /* SceneDelegate.swift in Sources */,
				8B207C1E287CEBB600689077 /* DataPickerViewController.swift in Sources */,
				8BBFA1CA28FB05B000F18E51 /* DatePicker.swift in Sources */,
				8BBFA1A628F1E46900F18E51 /* ConcertViewModel.swift in Sources */,
				8BAD0B5128A86EFD00F7B8BA /* TabBarViewController.swift in Sources */,
				8BBFA1D228FB82C000F18E51 /* VenueOutput.swift in Sources */,
				8B0CDC30287F7F2E0042EA5B /* ArtistsViewModel.swift in Sources */,
				8BBFA1D628FC2F3A00F18E51 /* ConcertInput.swift in Sources */,
			);
			runOnlyForDeploymentPostprocessing = 0;
		};
/* End PBXSourcesBuildPhase section */

/* Begin PBXVariantGroup section */
		8BC7E30E287CE5B2008CE4A8 /* Main.storyboard */ = {
			isa = PBXVariantGroup;
			children = (
				8BC7E30F287CE5B2008CE4A8 /* Base */,
			);
			name = Main.storyboard;
			sourceTree = "<group>";
		};
		8BC7E313287CE5B5008CE4A8 /* LaunchScreen.storyboard */ = {
			isa = PBXVariantGroup;
			children = (
				8BC7E314287CE5B5008CE4A8 /* Base */,
			);
			name = LaunchScreen.storyboard;
			sourceTree = "<group>";
		};
/* End PBXVariantGroup section */

/* Begin XCBuildConfiguration section */
		8BC7E317287CE5B5008CE4A8 /* Debug */ = {
			isa = XCBuildConfiguration;
			buildSettings = {
				ALWAYS_SEARCH_USER_PATHS = NO;
				CLANG_ANALYZER_NONNULL = YES;
				CLANG_ANALYZER_NUMBER_OBJECT_CONVERSION = YES_AGGRESSIVE;
				CLANG_CXX_LANGUAGE_STANDARD = "gnu++17";
				CLANG_ENABLE_MODULES = YES;
				CLANG_ENABLE_OBJC_ARC = YES;
				CLANG_ENABLE_OBJC_WEAK = YES;
				CLANG_WARN_BLOCK_CAPTURE_AUTORELEASING = YES;
				CLANG_WARN_BOOL_CONVERSION = YES;
				CLANG_WARN_COMMA = YES;
				CLANG_WARN_CONSTANT_CONVERSION = YES;
				CLANG_WARN_DEPRECATED_OBJC_IMPLEMENTATIONS = YES;
				CLANG_WARN_DIRECT_OBJC_ISA_USAGE = YES_ERROR;
				CLANG_WARN_DOCUMENTATION_COMMENTS = YES;
				CLANG_WARN_EMPTY_BODY = YES;
				CLANG_WARN_ENUM_CONVERSION = YES;
				CLANG_WARN_INFINITE_RECURSION = YES;
				CLANG_WARN_INT_CONVERSION = YES;
				CLANG_WARN_NON_LITERAL_NULL_CONVERSION = YES;
				CLANG_WARN_OBJC_IMPLICIT_RETAIN_SELF = YES;
				CLANG_WARN_OBJC_LITERAL_CONVERSION = YES;
				CLANG_WARN_OBJC_ROOT_CLASS = YES_ERROR;
				CLANG_WARN_QUOTED_INCLUDE_IN_FRAMEWORK_HEADER = YES;
				CLANG_WARN_RANGE_LOOP_ANALYSIS = YES;
				CLANG_WARN_STRICT_PROTOTYPES = YES;
				CLANG_WARN_SUSPICIOUS_MOVE = YES;
				CLANG_WARN_UNGUARDED_AVAILABILITY = YES_AGGRESSIVE;
				CLANG_WARN_UNREACHABLE_CODE = YES;
				CLANG_WARN__DUPLICATE_METHOD_MATCH = YES;
				COPY_PHASE_STRIP = NO;
				DEBUG_INFORMATION_FORMAT = dwarf;
				ENABLE_STRICT_OBJC_MSGSEND = YES;
				ENABLE_TESTABILITY = YES;
				GCC_C_LANGUAGE_STANDARD = gnu11;
				GCC_DYNAMIC_NO_PIC = NO;
				GCC_NO_COMMON_BLOCKS = YES;
				GCC_OPTIMIZATION_LEVEL = 0;
				GCC_PREPROCESSOR_DEFINITIONS = (
					"DEBUG=1",
					"$(inherited)",
				);
				GCC_WARN_64_TO_32_BIT_CONVERSION = YES;
				GCC_WARN_ABOUT_RETURN_TYPE = YES_ERROR;
				GCC_WARN_UNDECLARED_SELECTOR = YES;
				GCC_WARN_UNINITIALIZED_AUTOS = YES_AGGRESSIVE;
				GCC_WARN_UNUSED_FUNCTION = YES;
				GCC_WARN_UNUSED_VARIABLE = YES;
				IPHONEOS_DEPLOYMENT_TARGET = 15.5;
				MTL_ENABLE_DEBUG_INFO = INCLUDE_SOURCE;
				MTL_FAST_MATH = YES;
				ONLY_ACTIVE_ARCH = YES;
				SDKROOT = iphoneos;
				SWIFT_ACTIVE_COMPILATION_CONDITIONS = DEBUG;
				SWIFT_OPTIMIZATION_LEVEL = "-Onone";
			};
			name = Debug;
		};
		8BC7E318287CE5B5008CE4A8 /* Release */ = {
			isa = XCBuildConfiguration;
			buildSettings = {
				ALWAYS_SEARCH_USER_PATHS = NO;
				CLANG_ANALYZER_NONNULL = YES;
				CLANG_ANALYZER_NUMBER_OBJECT_CONVERSION = YES_AGGRESSIVE;
				CLANG_CXX_LANGUAGE_STANDARD = "gnu++17";
				CLANG_ENABLE_MODULES = YES;
				CLANG_ENABLE_OBJC_ARC = YES;
				CLANG_ENABLE_OBJC_WEAK = YES;
				CLANG_WARN_BLOCK_CAPTURE_AUTORELEASING = YES;
				CLANG_WARN_BOOL_CONVERSION = YES;
				CLANG_WARN_COMMA = YES;
				CLANG_WARN_CONSTANT_CONVERSION = YES;
				CLANG_WARN_DEPRECATED_OBJC_IMPLEMENTATIONS = YES;
				CLANG_WARN_DIRECT_OBJC_ISA_USAGE = YES_ERROR;
				CLANG_WARN_DOCUMENTATION_COMMENTS = YES;
				CLANG_WARN_EMPTY_BODY = YES;
				CLANG_WARN_ENUM_CONVERSION = YES;
				CLANG_WARN_INFINITE_RECURSION = YES;
				CLANG_WARN_INT_CONVERSION = YES;
				CLANG_WARN_NON_LITERAL_NULL_CONVERSION = YES;
				CLANG_WARN_OBJC_IMPLICIT_RETAIN_SELF = YES;
				CLANG_WARN_OBJC_LITERAL_CONVERSION = YES;
				CLANG_WARN_OBJC_ROOT_CLASS = YES_ERROR;
				CLANG_WARN_QUOTED_INCLUDE_IN_FRAMEWORK_HEADER = YES;
				CLANG_WARN_RANGE_LOOP_ANALYSIS = YES;
				CLANG_WARN_STRICT_PROTOTYPES = YES;
				CLANG_WARN_SUSPICIOUS_MOVE = YES;
				CLANG_WARN_UNGUARDED_AVAILABILITY = YES_AGGRESSIVE;
				CLANG_WARN_UNREACHABLE_CODE = YES;
				CLANG_WARN__DUPLICATE_METHOD_MATCH = YES;
				COPY_PHASE_STRIP = NO;
				DEBUG_INFORMATION_FORMAT = "dwarf-with-dsym";
				ENABLE_NS_ASSERTIONS = NO;
				ENABLE_STRICT_OBJC_MSGSEND = YES;
				GCC_C_LANGUAGE_STANDARD = gnu11;
				GCC_NO_COMMON_BLOCKS = YES;
				GCC_WARN_64_TO_32_BIT_CONVERSION = YES;
				GCC_WARN_ABOUT_RETURN_TYPE = YES_ERROR;
				GCC_WARN_UNDECLARED_SELECTOR = YES;
				GCC_WARN_UNINITIALIZED_AUTOS = YES_AGGRESSIVE;
				GCC_WARN_UNUSED_FUNCTION = YES;
				GCC_WARN_UNUSED_VARIABLE = YES;
				IPHONEOS_DEPLOYMENT_TARGET = 15.5;
				MTL_ENABLE_DEBUG_INFO = NO;
				MTL_FAST_MATH = YES;
				SDKROOT = iphoneos;
				SWIFT_COMPILATION_MODE = wholemodule;
				SWIFT_OPTIMIZATION_LEVEL = "-O";
				VALIDATE_PRODUCT = YES;
			};
			name = Release;
		};
		8BC7E31A287CE5B5008CE4A8 /* Debug */ = {
			isa = XCBuildConfiguration;
			buildSettings = {
				ASSETCATALOG_COMPILER_APPICON_NAME = AppIcon;
				ASSETCATALOG_COMPILER_GLOBAL_ACCENT_COLOR_NAME = AccentColor;
				CODE_SIGN_STYLE = Automatic;
				CURRENT_PROJECT_VERSION = 1;
				DEVELOPMENT_TEAM = W2XGFCJV6C;
				GENERATE_INFOPLIST_FILE = YES;
				INFOPLIST_FILE = ShowTime/Info.plist;
				INFOPLIST_KEY_UIApplicationSupportsIndirectInputEvents = YES;
				INFOPLIST_KEY_UILaunchStoryboardName = LaunchScreen;
				INFOPLIST_KEY_UIMainStoryboardFile = Main;
				INFOPLIST_KEY_UISupportedInterfaceOrientations_iPad = "UIInterfaceOrientationPortrait UIInterfaceOrientationPortraitUpsideDown UIInterfaceOrientationLandscapeLeft UIInterfaceOrientationLandscapeRight";
				INFOPLIST_KEY_UISupportedInterfaceOrientations_iPhone = "UIInterfaceOrientationPortrait UIInterfaceOrientationLandscapeLeft UIInterfaceOrientationLandscapeRight";
				LD_RUNPATH_SEARCH_PATHS = (
					"$(inherited)",
					"@executable_path/Frameworks",
				);
				MARKETING_VERSION = 1.0;
				PRODUCT_BUNDLE_IDENTIFIER = com.miguelsolans.ShowTime;
				PRODUCT_NAME = "$(TARGET_NAME)";
				SWIFT_EMIT_LOC_STRINGS = YES;
				SWIFT_VERSION = 5.0;
				TARGETED_DEVICE_FAMILY = "1,2";
			};
			name = Debug;
		};
		8BC7E31B287CE5B5008CE4A8 /* Release */ = {
			isa = XCBuildConfiguration;
			buildSettings = {
				ASSETCATALOG_COMPILER_APPICON_NAME = AppIcon;
				ASSETCATALOG_COMPILER_GLOBAL_ACCENT_COLOR_NAME = AccentColor;
				CODE_SIGN_STYLE = Automatic;
				CURRENT_PROJECT_VERSION = 1;
				DEVELOPMENT_TEAM = W2XGFCJV6C;
				GENERATE_INFOPLIST_FILE = YES;
				INFOPLIST_FILE = ShowTime/Info.plist;
				INFOPLIST_KEY_UIApplicationSupportsIndirectInputEvents = YES;
				INFOPLIST_KEY_UILaunchStoryboardName = LaunchScreen;
				INFOPLIST_KEY_UIMainStoryboardFile = Main;
				INFOPLIST_KEY_UISupportedInterfaceOrientations_iPad = "UIInterfaceOrientationPortrait UIInterfaceOrientationPortraitUpsideDown UIInterfaceOrientationLandscapeLeft UIInterfaceOrientationLandscapeRight";
				INFOPLIST_KEY_UISupportedInterfaceOrientations_iPhone = "UIInterfaceOrientationPortrait UIInterfaceOrientationLandscapeLeft UIInterfaceOrientationLandscapeRight";
				LD_RUNPATH_SEARCH_PATHS = (
					"$(inherited)",
					"@executable_path/Frameworks",
				);
				MARKETING_VERSION = 1.0;
				PRODUCT_BUNDLE_IDENTIFIER = com.miguelsolans.ShowTime;
				PRODUCT_NAME = "$(TARGET_NAME)";
				SWIFT_EMIT_LOC_STRINGS = YES;
				SWIFT_VERSION = 5.0;
				TARGETED_DEVICE_FAMILY = "1,2";
			};
			name = Release;
		};
/* End XCBuildConfiguration section */

/* Begin XCConfigurationList section */
		8BC7E300287CE5B2008CE4A8 /* Build configuration list for PBXProject "ShowTime" */ = {
			isa = XCConfigurationList;
			buildConfigurations = (
				8BC7E317287CE5B5008CE4A8 /* Debug */,
				8BC7E318287CE5B5008CE4A8 /* Release */,
			);
			defaultConfigurationIsVisible = 0;
			defaultConfigurationName = Release;
		};
		8BC7E319287CE5B5008CE4A8 /* Build configuration list for PBXNativeTarget "ShowTime" */ = {
			isa = XCConfigurationList;
			buildConfigurations = (
				8BC7E31A287CE5B5008CE4A8 /* Debug */,
				8BC7E31B287CE5B5008CE4A8 /* Release */,
			);
			defaultConfigurationIsVisible = 0;
			defaultConfigurationName = Release;
		};
/* End XCConfigurationList section */
	};
	rootObject = 8BC7E2FD287CE5B2008CE4A8 /* Project object */;
}
